
Microsoft Visual Studio Solution File, Format Version 12.00
# Visual Studio 15
VisualStudioVersion = 15.0.26730.12
MinimumVisualStudioVersion = 10.0.40219.1
Project("{2150E333-8FDC-42A3-9474-1A3956D46DE8}") = "1.WEB", "1.WEB", "{73395225-D0F5-46B1-818F-F577721FBA50}"
EndProject
Project("{2150E333-8FDC-42A3-9474-1A3956D46DE8}") = "0.Framework", "0.Framework", "{2623F618-05F9-4905-A7A6-3D5C2F5061C9}"
EndProject
Project("{FAE04EC0-301F-11D3-BF4B-00C04F79EFBC}") = "Dark.Core", "Dark.Core\Dark.Core.csproj", "{D5D8D408-FEB8-4DB9-B332-19F4F120E627}"
EndProject
Project("{FAE04EC0-301F-11D3-BF4B-00C04F79EFBC}") = "Dark.Web", "Dark.Web\Dark.Web.csproj", "{F17546F8-5DFE-4E82-9591-79CAD6105832}"
EndProject
Project("{2150E333-8FDC-42A3-9474-1A3956D46DE8}") = "9.1 Redis", "9.1 Redis", "{66065D66-6302-4596-B506-51FA38CAA3F2}"
EndProject
Project("{2150E333-8FDC-42A3-9474-1A3956D46DE8}") = "9.2 Crawler", "9.2 Crawler", "{4BE0F9DA-21F0-44AE-860F-253F8BBAE75E}"
EndProject
Project("{FAE04EC0-301F-11D3-BF4B-00C04F79EFBC}") = "Dark.Crawler", "Dark.Crawler\Dark.Crawler.csproj", "{682B014C-CEB6-44AD-9847-6440088FA820}"
EndProject
Project("{2150E333-8FDC-42A3-9474-1A3956D46DE8}") = "9.3 Lucene", "9.3 Lucene", "{13B10670-1D73-48D3-80EB-3B0FD475C5BB}"
EndProject
Project("{FAE04EC0-301F-11D3-BF4B-00C04F79EFBC}") = "Dark.Redis", "Dark.Redis\Dark.Redis.csproj", "{21479E72-03CD-41B7-A500-009326FC48B2}"
EndProject
Project("{FAE04EC0-301F-11D3-BF4B-00C04F79EFBC}") = "Dark.Lucene", "Dark.Lucene\Dark.Lucene.csproj", "{D271D4F6-B354-4A12-9C64-0B352F27795D}"
EndProject
Project("{FAE04EC0-301F-11D3-BF4B-00C04F79EFBC}") = "OA.Application", "OA.Application\OA.Application.csproj", "{F3033D38-F1AF-41F4-AE3A-F63C3935C81B}"
EndProject
Project("{FAE04EC0-301F-11D3-BF4B-00C04F79EFBC}") = "OA.Web", "OA.Web\OA.Web.csproj", "{B99F49D1-AE8B-4D9D-8F21-95E94ABCE8AD}"
EndProject
Project("{FAE04EC0-301F-11D3-BF4B-00C04F79EFBC}") = "OA.Core", "OA.Core\OA.Core.csproj", "{A68E4DAD-B836-4683-BD43-F6EFB0565C8E}"
EndProject
Project("{FAE04EC0-301F-11D3-BF4B-00C04F79EFBC}") = "Dark.EntityFramework", "Dark.EntityFramework\Dark.EntityFramework.csproj", "{2F33C07D-EC3B-4FA8-A511-48086FEF0CE0}"
EndProject
Project("{FAE04EC0-301F-11D3-BF4B-00C04F79EFBC}") = "OA.EntityFramework", "OA.EntityFramework\OA.EntityFramework.csproj", "{121EC353-6480-4580-864F-B116C0F56FAF}"
EndProject
Global
	GlobalSection(SolutionConfigurationPlatforms) = preSolution
		Debug|Any CPU = Debug|Any CPU
		Release|Any CPU = Release|Any CPU
	EndGlobalSection
	GlobalSection(ProjectConfigurationPlatforms) = postSolution
		{D5D8D408-FEB8-4DB9-B332-19F4F120E627}.Debug|Any CPU.ActiveCfg = Debug|Any CPU
		{D5D8D408-FEB8-4DB9-B332-19F4F120E627}.Debug|Any CPU.Build.0 = Debug|Any CPU
		{D5D8D408-FEB8-4DB9-B332-19F4F120E627}.Release|Any CPU.ActiveCfg = Release|Any CPU
		{D5D8D408-FEB8-4DB9-B332-19F4F120E627}.Release|Any CPU.Build.0 = Release|Any CPU
		{F17546F8-5DFE-4E82-9591-79CAD6105832}.Debug|Any CPU.ActiveCfg = Debug|Any CPU
		{F17546F8-5DFE-4E82-9591-79CAD6105832}.Debug|Any CPU.Build.0 = Debug|Any CPU
		{F17546F8-5DFE-4E82-9591-79CAD6105832}.Release|Any CPU.ActiveCfg = Release|Any CPU
		{F17546F8-5DFE-4E82-9591-79CAD6105832}.Release|Any CPU.Build.0 = Release|Any CPU
		{682B014C-CEB6-44AD-9847-6440088FA820}.Debug|Any CPU.ActiveCfg = Debug|Any CPU
		{682B014C-CEB6-44AD-9847-6440088FA820}.Debug|Any CPU.Build.0 = Debug|Any CPU
		{682B014C-CEB6-44AD-9847-6440088FA820}.Release|Any CPU.ActiveCfg = Release|Any CPU
		{682B014C-CEB6-44AD-9847-6440088FA820}.Release|Any CPU.Build.0 = Release|Any CPU
		{21479E72-03CD-41B7-A500-009326FC48B2}.Debug|Any CPU.ActiveCfg = Debug|Any CPU
		{21479E72-03CD-41B7-A500-009326FC48B2}.Debug|Any CPU.Build.0 = Debug|Any CPU
		{21479E72-03CD-41B7-A500-009326FC48B2}.Release|Any CPU.ActiveCfg = Release|Any CPU
		{21479E72-03CD-41B7-A500-009326FC48B2}.Release|Any CPU.Build.0 = Release|Any CPU
		{D271D4F6-B354-4A12-9C64-0B352F27795D}.Debug|Any CPU.ActiveCfg = Debug|Any CPU
		{D271D4F6-B354-4A12-9C64-0B352F27795D}.Debug|Any CPU.Build.0 = Debug|Any CPU
		{D271D4F6-B354-4A12-9C64-0B352F27795D}.Release|Any CPU.ActiveCfg = Release|Any CPU
		{D271D4F6-B354-4A12-9C64-0B352F27795D}.Release|Any CPU.Build.0 = Release|Any CPU
		{F3033D38-F1AF-41F4-AE3A-F63C3935C81B}.Debug|Any CPU.ActiveCfg = Debug|Any CPU
		{F3033D38-F1AF-41F4-AE3A-F63C3935C81B}.Debug|Any CPU.Build.0 = Debug|Any CPU
		{F3033D38-F1AF-41F4-AE3A-F63C3935C81B}.Release|Any CPU.ActiveCfg = Release|Any CPU
		{F3033D38-F1AF-41F4-AE3A-F63C3935C81B}.Release|Any CPU.Build.0 = Release|Any CPU
		{B99F49D1-AE8B-4D9D-8F21-95E94ABCE8AD}.Debug|Any CPU.ActiveCfg = Debug|Any CPU
		{B99F49D1-AE8B-4D9D-8F21-95E94ABCE8AD}.Debug|Any CPU.Build.0 = Debug|Any CPU
		{B99F49D1-AE8B-4D9D-8F21-95E94ABCE8AD}.Release|Any CPU.ActiveCfg = Release|Any CPU
		{B99F49D1-AE8B-4D9D-8F21-95E94ABCE8AD}.Release|Any CPU.Build.0 = Release|Any CPU
		{A68E4DAD-B836-4683-BD43-F6EFB0565C8E}.Debug|Any CPU.ActiveCfg = Debug|Any CPU
		{A68E4DAD-B836-4683-BD43-F6EFB0565C8E}.Debug|Any CPU.Build.0 = Debug|Any CPU
		{A68E4DAD-B836-4683-BD43-F6EFB0565C8E}.Release|Any CPU.ActiveCfg = Release|Any CPU
		{A68E4DAD-B836-4683-BD43-F6EFB0565C8E}.Release|Any CPU.Build.0 = Release|Any CPU
		{2F33C07D-EC3B-4FA8-A511-48086FEF0CE0}.Debug|Any CPU.ActiveCfg = Debug|Any CPU
		{2F33C07D-EC3B-4FA8-A511-48086FEF0CE0}.Debug|Any CPU.Build.0 = Debug|Any CPU
		{2F33C07D-EC3B-4FA8-A511-48086FEF0CE0}.Release|Any CPU.ActiveCfg = Release|Any CPU
		{2F33C07D-EC3B-4FA8-A511-48086FEF0CE0}.Release|Any CPU.Build.0 = Release|Any CPU
		{121EC353-6480-4580-864F-B116C0F56FAF}.Debug|Any CPU.ActiveCfg = Debug|Any CPU
		{121EC353-6480-4580-864F-B116C0F56FAF}.Debug|Any CPU.Build.0 = Debug|Any CPU
		{121EC353-6480-4580-864F-B116C0F56FAF}.Release|Any CPU.ActiveCfg = Release|Any CPU
		{121EC353-6480-4580-864F-B116C0F56FAF}.Release|Any CPU.Build.0 = Release|Any CPU
	EndGlobalSection
	GlobalSection(SolutionProperties) = preSolution
		HideSolutionNode = FALSE
	EndGlobalSection
	GlobalSection(NestedProjects) = preSolution
		{D5D8D408-FEB8-4DB9-B332-19F4F120E627} = {2623F618-05F9-4905-A7A6-3D5C2F5061C9}
		{F17546F8-5DFE-4E82-9591-79CAD6105832} = {2623F618-05F9-4905-A7A6-3D5C2F5061C9}
		{682B014C-CEB6-44AD-9847-6440088FA820} = {4BE0F9DA-21F0-44AE-860F-253F8BBAE75E}
		{21479E72-03CD-41B7-A500-009326FC48B2} = {66065D66-6302-4596-B506-51FA38CAA3F2}
		{D271D4F6-B354-4A12-9C64-0B352F27795D} = {13B10670-1D73-48D3-80EB-3B0FD475C5BB}
		{F3033D38-F1AF-41F4-AE3A-F63C3935C81B} = {73395225-D0F5-46B1-818F-F577721FBA50}
		{B99F49D1-AE8B-4D9D-8F21-95E94ABCE8AD} = {73395225-D0F5-46B1-818F-F577721FBA50}
		{A68E4DAD-B836-4683-BD43-F6EFB0565C8E} = {73395225-D0F5-46B1-818F-F577721FBA50}
		{2F33C07D-EC3B-4FA8-A511-48086FEF0CE0} = {2623F618-05F9-4905-A7A6-3D5C2F5061C9}
		{121EC353-6480-4580-864F-B116C0F56FAF} = {73395225-D0F5-46B1-818F-F577721FBA50}
	EndGlobalSection
	GlobalSection(ExtensibilityGlobals) = postSolution
		SolutionGuid = {4ACE2E67-87CC-4B77-A0A6-26DA68B742B5}
	EndGlobalSection
EndGlobal
